
Microsoft Visual Studio Solution File, Format Version 12.00
# Visual Studio Version 17
VisualStudioVersion = 17.13.35931.197 d17.13
MinimumVisualStudioVersion = 10.0.40219.1
Project("{FAE04EC0-301F-11D3-BF4B-00C04F79EFBC}") = "emploethis", "emploethis\emploethis.csproj", "{11B1514F-0AB7-496F-8FAC-7756D405B5BF}"
EndProject
Global
	GlobalSection(SolutionConfigurationPlatforms) = preSolution
		Debug|Any CPU = Debug|Any CPU
		Release|Any CPU = Release|Any CPU
	EndGlobalSection
	GlobalSection(ProjectConfigurationPlatforms) = postSolution
		{11B1514F-0AB7-496F-8FAC-7756D405B5BF}.Debug|Any CPU.ActiveCfg = Debug|Any CPU
		{11B1514F-0AB7-496F-8FAC-7756D405B5BF}.Debug|Any CPU.Build.0 = Debug|Any CPU
		{11B1514F-0AB7-496F-8FAC-7756D405B5BF}.Release|Any CPU.ActiveCfg = Release|Any CPU
		{11B1514F-0AB7-496F-8FAC-7756D405B5BF}.Release|Any CPU.Build.0 = Release|Any CPU
	EndGlobalSection
	GlobalSection(SolutionProperties) = preSolution
		HideSolutionNode = FALSE
	EndGlobalSection
	GlobalSection(ExtensibilityGlobals) = postSolution
		SolutionGuid = {621CA1B4-BC3F-4EBE-A08A-9609C07C256E}
	EndGlobalSection
EndGlobal
