
Microsoft Visual Studio Solution File, Format Version 12.00
# Visual Studio Version 17
VisualStudioVersion = 17.13.35931.197 d17.13
MinimumVisualStudioVersion = 10.0.40219.1
Project("{FAE04EC0-301F-11D3-BF4B-00C04F79EFBC}") = "Device", "Device\Device.csproj", "{F279870C-2A79-419A-81B5-C00B09ECFF0F}"
EndProject
Global
	GlobalSection(SolutionConfigurationPlatforms) = preSolution
		Debug|Any CPU = Debug|Any CPU
		Release|Any CPU = Release|Any CPU
	EndGlobalSection
	GlobalSection(ProjectConfigurationPlatforms) = postSolution
		{F279870C-2A79-419A-81B5-C00B09ECFF0F}.Debug|Any CPU.ActiveCfg = Debug|Any CPU
		{F279870C-2A79-419A-81B5-C00B09ECFF0F}.Debug|Any CPU.Build.0 = Debug|Any CPU
		{F279870C-2A79-419A-81B5-C00B09ECFF0F}.Release|Any CPU.ActiveCfg = Release|Any CPU
		{F279870C-2A79-419A-81B5-C00B09ECFF0F}.Release|Any CPU.Build.0 = Release|Any CPU
	EndGlobalSection
	GlobalSection(SolutionProperties) = preSolution
		HideSolutionNode = FALSE
	EndGlobalSection
	GlobalSection(ExtensibilityGlobals) = postSolution
		SolutionGuid = {7568F07B-325B-47C2-81B6-FEAD0531F07A}
	EndGlobalSection
EndGlobal
